<?xml version="1.0" encoding="utf-8"?>
<Project ToolsVersion="4.0" xmlns="http://schemas.microsoft.com/developer/msbuild/2003">
  <ItemGroup>
    <Filter Include="Source Files">
      <UniqueIdentifier>{4FC737F1-C7A5-4376-A066-2A32D752A2FF}</UniqueIdentifier>
      <Extensions>cpp;c;cc;cxx;def;odl;idl;hpj;bat;asm;asmx</Extensions>
    </Filter>
    <Filter Include="Header Files">
      <UniqueIdentifier>{93995380-89BD-4b04-88EB-625FBE52EBFB}</UniqueIdentifier>
      <Extensions>h;hpp;hxx;hm;inl;inc;xsd</Extensions>
    </Filter>
    <Filter Include="Header Files\platform">
      <UniqueIdentifier>{3bbc996d-7af5-4f0b-aedf-d6cea3eafa5b}</UniqueIdentifier>
    </Filter>
    <Filter Include="Header Files\platform\windows">
      <UniqueIdentifier>{7026933f-08cb-49be-a487-cff3532a3dda}</UniqueIdentifier>
    </Filter>
    <Filter Include="Header Files\utils">
      <UniqueIdentifier>{6028839b-e765-40cd-bbd2-89fd4364161f}</UniqueIdentifier>
    </Filter>
    <Filter Include="Header Files\utils\buffering">
      <UniqueIdentifier>{2b82a75d-c42d-4cbc-ab18-77efb7af65bd}</UniqueIdentifier>
    </Filter>
    <Filter Include="Header Files\utils\misc">
      <UniqueIdentifier>{0b00731e-8067-4c3f-8db8-8fa4e1272321}</UniqueIdentifier>
    </Filter>
    <Filter Include="Header Files\utils\logging">
      <UniqueIdentifier>{ce993d5b-8447-49d5-85b2-b42114c7533f}</UniqueIdentifier>
    </Filter>
    <Filter Include="Header Files\utils\lua">
      <UniqueIdentifier>{b9b913b0-bfc7-4d35-9018-c6db310360e0}</UniqueIdentifier>
    </Filter>
    <Filter Include="Header Files\utils\mempool">
      <UniqueIdentifier>{06cd9442-06d7-4dfc-af2c-d299bb8d6ae0}</UniqueIdentifier>
    </Filter>
    <Filter Include="Header Files\utils\tinyxml">
      <UniqueIdentifier>{c0e12978-7449-4766-9924-0e8afc1ffeb7}</UniqueIdentifier>
    </Filter>
    <Filter Include="Source Files\platform">
      <UniqueIdentifier>{8c2558de-7a31-4c35-9a42-05a095c4f222}</UniqueIdentifier>
    </Filter>
    <Filter Include="Source Files\platform\windows">
      <UniqueIdentifier>{49bb8e5d-747d-4079-8bf7-a55a1d7bbec9}</UniqueIdentifier>
    </Filter>
    <Filter Include="Source Files\utils">
      <UniqueIdentifier>{a1a4a300-ee3e-44c3-977d-5beec86070bf}</UniqueIdentifier>
    </Filter>
    <Filter Include="Source Files\utils\buffering">
      <UniqueIdentifier>{83c0b3ae-5d03-4ae3-bd51-e6a40ccc69f7}</UniqueIdentifier>
    </Filter>
    <Filter Include="Source Files\utils\logging">
      <UniqueIdentifier>{42405c79-c804-4bc3-a3aa-b17cd40c4637}</UniqueIdentifier>
    </Filter>
    <Filter Include="Source Files\utils\lua">
      <UniqueIdentifier>{2bda78c0-8472-4ab1-8a55-f5c1e3dccf40}</UniqueIdentifier>
    </Filter>
    <Filter Include="Source Files\utils\mempool">
      <UniqueIdentifier>{b081904a-3f49-464f-802a-fd243aec2047}</UniqueIdentifier>
    </Filter>
    <Filter Include="Source Files\utils\misc">
      <UniqueIdentifier>{01760a2f-2828-44e8-8413-0a681a1e11c9}</UniqueIdentifier>
    </Filter>
    <Filter Include="Source Files\utils\tinyxml">
      <UniqueIdentifier>{83bbeba2-034b-4638-a08a-721cef082d38}</UniqueIdentifier>
    </Filter>
  </ItemGroup>
  <ItemGroup>
    <ClInclude Include="..\..\..\sources\common\include\platform\windows\max.h">
      <Filter>Header Files\platform\windows</Filter>
    </ClInclude>
    <ClInclude Include="..\..\..\sources\common\include\platform\windows\win32platform.h">
      <Filter>Header Files\platform\windows</Filter>
    </ClInclude>
    <ClInclude Include="..\..\..\sources\common\include\platform\baseplatform.h">
      <Filter>Header Files\platform</Filter>
    </ClInclude>
    <ClInclude Include="..\..\..\sources\common\include\platform\platform.h">
      <Filter>Header Files\platform</Filter>
    </ClInclude>
    <ClInclude Include="..\..\..\sources\common\include\utils\utils.h">
      <Filter>Header Files\utils</Filter>
    </ClInclude>
    <ClInclude Include="..\..\..\sources\common\include\utils\buffering\bitarray.h">
      <Filter>Header Files\utils\buffering</Filter>
    </ClInclude>
    <ClInclude Include="..\..\..\sources\common\include\utils\buffering\buffering.h">
      <Filter>Header Files\utils\buffering</Filter>
    </ClInclude>
    <ClInclude Include="..\..\..\sources\common\include\utils\buffering\iobuffer.h">
      <Filter>Header Files\utils\buffering</Filter>
    </ClInclude>
    <ClInclude Include="..\..\..\sources\common\include\utils\logging\baseloglocation.h">
      <Filter>Header Files\utils\logging</Filter>
    </ClInclude>
    <ClInclude Include="..\..\..\sources\common\include\utils\logging\consoleloglocation.h">
      <Filter>Header Files\utils\logging</Filter>
    </ClInclude>
    <ClInclude Include="..\..\..\sources\common\include\utils\logging\fileloglocation.h">
      <Filter>Header Files\utils\logging</Filter>
    </ClInclude>
    <ClInclude Include="..\..\..\sources\common\include\utils\logging\logcatloglocation.h">
      <Filter>Header Files\utils\logging</Filter>
    </ClInclude>
    <ClInclude Include="..\..\..\sources\common\include\utils\logging\logger.h">
      <Filter>Header Files\utils\logging</Filter>
    </ClInclude>
    <ClInclude Include="..\..\..\sources\common\include\utils\logging\logging.h">
      <Filter>Header Files\utils\logging</Filter>
    </ClInclude>
    <ClInclude Include="..\..\..\sources\common\include\utils\lua\luautils.h">
      <Filter>Header Files\utils\lua</Filter>
    </ClInclude>
    <ClInclude Include="..\..\..\sources\common\include\utils\mempool\mempool.h">
      <Filter>Header Files\utils\mempool</Filter>
    </ClInclude>
    <ClInclude Include="..\..\..\sources\common\include\utils\misc\crypto.h">
      <Filter>Header Files\utils\misc</Filter>
    </ClInclude>
    <ClInclude Include="..\..\..\sources\common\include\utils\misc\dhgroups.h">
      <Filter>Header Files\utils\misc</Filter>
    </ClInclude>
    <ClInclude Include="..\..\..\sources\common\include\utils\misc\file.h">
      <Filter>Header Files\utils\misc</Filter>
    </ClInclude>
    <ClInclude Include="..\..\..\sources\common\include\utils\misc\linkedlist.h">
      <Filter>Header Files\utils\misc</Filter>
    </ClInclude>
    <ClInclude Include="..\..\..\sources\common\include\utils\misc\misc.h">
      <Filter>Header Files\utils\misc</Filter>
    </ClInclude>
    <ClInclude Include="..\..\..\sources\common\include\utils\misc\mmapfile.h">
      <Filter>Header Files\utils\misc</Filter>
    </ClInclude>
    <ClInclude Include="..\..\..\sources\common\include\utils\misc\timersmanager.h">
      <Filter>Header Files\utils\misc</Filter>
    </ClInclude>
    <ClInclude Include="..\..\..\sources\common\include\utils\misc\variant.h">
      <Filter>Header Files\utils\misc</Filter>
    </ClInclude>
    <ClInclude Include="..\..\..\sources\common\include\utils\misc\variantmap.h">
      <Filter>Header Files\utils\misc</Filter>
    </ClInclude>
    <ClInclude Include="..\..\..\sources\common\include\common.h">
      <Filter>Header Files</Filter>
    </ClInclude>
    <ClInclude Include="..\..\..\sources\common\include\defines.h">
      <Filter>Header Files</Filter>
    </ClInclude>
    <ClInclude Include="..\..\..\sources\common\include\utils\misc\uri.h">
      <Filter>Header Files\utils\misc</Filter>
    </ClInclude>
    <ClInclude Include="..\..\..\3rdparty\tinyxml\tinyxml.h">
      <Filter>Header Files\utils\tinyxml</Filter>
    </ClInclude>
  </ItemGroup>
  <ItemGroup>
    <ClCompile Include="..\..\..\sources\common\src\platform\baseplatform.cpp">
      <Filter>Source Files\platform</Filter>
    </ClCompile>
    <ClCompile Include="..\..\..\sources\common\src\platform\windows\strncasecmp.cpp">
      <Filter>Source Files\platform\windows</Filter>
    </ClCompile>
    <ClCompile Include="..\..\..\sources\common\src\platform\windows\strptime.cpp">
      <Filter>Source Files\platform\windows</Filter>
    </ClCompile>
    <ClCompile Include="..\..\..\sources\common\src\platform\windows\timegm.cpp">
      <Filter>Source Files\platform\windows</Filter>
    </ClCompile>
    <ClCompile Include="..\..\..\sources\common\src\platform\windows\win32platform.cpp">
      <Filter>Source Files\platform\windows</Filter>
    </ClCompile>
    <ClCompile Include="..\..\..\sources\common\src\utils\buffering\iobuffer.cpp">
      <Filter>Source Files\utils\buffering</Filter>
    </ClCompile>
    <ClCompile Include="..\..\..\sources\common\src\utils\logging\baseloglocation.cpp">
      <Filter>Source Files\utils\logging</Filter>
    </ClCompile>
    <ClCompile Include="..\..\..\sources\common\src\utils\logging\consoleloglocation.cpp">
      <Filter>Source Files\utils\logging</Filter>
    </ClCompile>
    <ClCompile Include="..\..\..\sources\common\src\utils\logging\fileloglocation.cpp">
      <Filter>Source Files\utils\logging</Filter>
    </ClCompile>
    <ClCompile Include="..\..\..\sources\common\src\utils\logging\logcatloglocation.cpp">
      <Filter>Source Files\utils\logging</Filter>
    </ClCompile>
    <ClCompile Include="..\..\..\sources\common\src\utils\logging\logger.cpp">
      <Filter>Source Files\utils\logging</Filter>
    </ClCompile>
    <ClCompile Include="..\..\..\sources\common\src\utils\lua\luautils.cpp">
      <Filter>Source Files\utils\lua</Filter>
    </ClCompile>
    <ClCompile Include="..\..\..\sources\common\src\utils\mempool\mempool.cpp">
      <Filter>Source Files\utils\mempool</Filter>
    </ClCompile>
    <ClCompile Include="..\..\..\sources\common\src\utils\misc\crypto.cpp">
      <Filter>Source Files\utils\misc</Filter>
    </ClCompile>
    <ClCompile Include="..\..\..\sources\common\src\utils\misc\file.cpp">
      <Filter>Source Files\utils\misc</Filter>
    </ClCompile>
    <ClCompile Include="..\..\..\sources\common\src\utils\misc\mmapfile.cpp">
      <Filter>Source Files\utils\misc</Filter>
    </ClCompile>
    <ClCompile Include="..\..\..\sources\common\src\utils\misc\timersmanager.cpp">
      <Filter>Source Files\utils\misc</Filter>
    </ClCompile>
    <ClCompile Include="..\..\..\sources\common\src\utils\misc\variant.cpp">
      <Filter>Source Files\utils\misc</Filter>
    </ClCompile>
    <ClCompile Include="..\..\..\sources\common\src\utils\misc\uri.cpp">
      <Filter>Source Files\utils\misc</Filter>
    </ClCompile>
    <ClCompile Include="..\dummy.cpp">
      <Filter>Source Files</Filter>
    </ClCompile>
    <ClCompile Include="..\..\..\3rdparty\tinyxml\tinyxml.cpp">
      <Filter>Source Files\utils\tinyxml</Filter>
    </ClCompile>
    <ClCompile Include="..\..\..\3rdparty\tinyxml\tinyxmlerror.cpp">
      <Filter>Source Files\utils\tinyxml</Filter>
    </ClCompile>
    <ClCompile Include="..\..\..\3rdparty\tinyxml\tinyxmlparser.cpp">
      <Filter>Source Files\utils\tinyxml</Filter>
    </ClCompile>
  </ItemGroup>
</Project>