<?xml version="1.0" encoding="utf-8"?>
<Project ToolsVersion="4.0" xmlns="http://schemas.microsoft.com/developer/msbuild/2003">
  <ItemGroup>
    <Filter Include="Source Files">
      <UniqueIdentifier>{17D2E8D2-544B-42AC-AD2B-0F5D5B88A9EE}</UniqueIdentifier>
      <Extensions>cpp;c;cc;cxx;def;odl;idl;hpj;bat;asm;asmx</Extensions>
    </Filter>
    <Filter Include="Header Files">
      <UniqueIdentifier>{B7B8AFB9-657D-4AC8-AC80-FC552DE7E07A}</UniqueIdentifier>
      <Extensions>h;hpp;hxx;hm;inl;inc;xsd</Extensions>
    </Filter>
  </ItemGroup>
  <ItemGroup>
    <ClCompile Include="..\..\..\sources\applications\vptests\src\rtmpappprotocolhandler.cpp">
      <Filter>Source Files</Filter>
    </ClCompile>
    <ClCompile Include="..\..\..\sources\applications\vptests\src\variantappprotocolhandler.cpp">
      <Filter>Source Files</Filter>
    </ClCompile>
    <ClCompile Include="..\..\..\sources\applications\vptests\src\vptests.cpp">
      <Filter>Source Files</Filter>
    </ClCompile>
    <ClCompile Include="..\..\..\sources\applications\vptests\src\vptestsapplication.cpp">
      <Filter>Source Files</Filter>
    </ClCompile>
    <ClCompile Include="..\dummy.cpp">
      <Filter>Source Files</Filter>
    </ClCompile>
  </ItemGroup>
  <ItemGroup>
    <ClInclude Include="..\..\..\sources\applications\vptests\include\rtmpappprotocolhandler.h">
      <Filter>Header Files</Filter>
    </ClInclude>
    <ClInclude Include="..\..\..\sources\applications\vptests\include\variantappprotocolhandler.h">
      <Filter>Header Files</Filter>
    </ClInclude>
    <ClInclude Include="..\..\..\sources\applications\vptests\include\vptests.h">
      <Filter>Header Files</Filter>
    </ClInclude>
    <ClInclude Include="..\..\..\sources\applications\vptests\include\vptestsapplication.h">
      <Filter>Header Files</Filter>
    </ClInclude>
  </ItemGroup>
</Project>