<?xml version="1.0" encoding="utf-8"?>
<Project ToolsVersion="4.0" xmlns="http://schemas.microsoft.com/developer/msbuild/2003">
  <ItemGroup>
    <Filter Include="include">
      <UniqueIdentifier>{a2fffc01-bc75-47cc-9df6-839ae0f3400a}</UniqueIdentifier>
    </Filter>
    <Filter Include="source">
      <UniqueIdentifier>{98e2ca17-b847-469d-aaf3-0be72e9d979c}</UniqueIdentifier>
    </Filter>
  </ItemGroup>
  <ItemGroup>
    <ClInclude Include="..\..\..\sources\trafficdissector\include\basefeeder.h">
      <Filter>include</Filter>
    </ClInclude>
    <ClInclude Include="..\..\..\sources\trafficdissector\include\localdefines.h">
      <Filter>include</Filter>
    </ClInclude>
    <ClInclude Include="..\..\..\sources\trafficdissector\include\monitorapplication.h">
      <Filter>include</Filter>
    </ClInclude>
    <ClInclude Include="..\..\..\sources\trafficdissector\include\monitorrtmpprotocol.h">
      <Filter>include</Filter>
    </ClInclude>
    <ClInclude Include="..\..\..\sources\trafficdissector\include\monitorrtmpprotocolhandler.h">
      <Filter>include</Filter>
    </ClInclude>
    <ClInclude Include="..\..\..\sources\trafficdissector\include\monitorstream.h">
      <Filter>include</Filter>
    </ClInclude>
  </ItemGroup>
  <ItemGroup>
    <None Include="..\..\..\sources\trafficdissector\include\newfile">
      <Filter>include</Filter>
    </None>
  </ItemGroup>
  <ItemGroup>
    <ClCompile Include="..\..\..\sources\trafficdissector\src\basefeeder.cpp">
      <Filter>source</Filter>
    </ClCompile>
    <ClCompile Include="..\..\..\sources\trafficdissector\src\main.cpp">
      <Filter>source</Filter>
    </ClCompile>
    <ClCompile Include="..\..\..\sources\trafficdissector\src\monitorapplication.cpp">
      <Filter>source</Filter>
    </ClCompile>
    <ClCompile Include="..\..\..\sources\trafficdissector\src\monitorrtmpprotocol.cpp">
      <Filter>source</Filter>
    </ClCompile>
    <ClCompile Include="..\..\..\sources\trafficdissector\src\monitorrtmpprotocolhandler.cpp">
      <Filter>source</Filter>
    </ClCompile>
    <ClCompile Include="..\..\..\sources\trafficdissector\src\monitorstream.cpp">
      <Filter>source</Filter>
    </ClCompile>
  </ItemGroup>
</Project>